
Microsoft Visual Studio Solution File, Format Version 12.00
# Visual Studio Version 17
VisualStudioVersion = 17.3.32929.385
MinimumVisualStudioVersion = 10.0.40219.1
Project("{FAE04EC0-301F-11D3-BF4B-00C04F79EFBC}") = "Lab5", "Lab5.csproj", "{01F6A7A5-A26A-4EC9-AF93-F49B2E0F0E3C}"
EndProject
Global
	GlobalSection(SolutionConfigurationPlatforms) = preSolution
		Debug|Any CPU = Debug|Any CPU
		Release|Any CPU = Release|Any CPU
	EndGlobalSection
	GlobalSection(ProjectConfigurationPlatforms) = postSolution
		{01F6A7A5-A26A-4EC9-AF93-F49B2E0F0E3C}.Debug|Any CPU.ActiveCfg = Debug|Any CPU
		{01F6A7A5-A26A-4EC9-AF93-F49B2E0F0E3C}.Debug|Any CPU.Build.0 = Debug|Any CPU
		{01F6A7A5-A26A-4EC9-AF93-F49B2E0F0E3C}.Release|Any CPU.ActiveCfg = Release|Any CPU
		{01F6A7A5-A26A-4EC9-AF93-F49B2E0F0E3C}.Release|Any CPU.Build.0 = Release|Any CPU
	EndGlobalSection
	GlobalSection(SolutionProperties) = preSolution
		HideSolutionNode = FALSE
	EndGlobalSection
	GlobalSection(ExtensibilityGlobals) = postSolution
		SolutionGuid = {6DABC56C-9662-431E-AD13-A78B4FA7A188}
	EndGlobalSection
EndGlobal
